// !$*UTF8*$!
{
	archiveVersion = 1;
	classes = {
	};
	objectVersion = 50;
	objects = {

/* Begin PBXBuildFile section */
		F371E6492774DF0A00995426 /* main.cpp in Sources */ = {isa = PBXBuildFile; fileRef = F371E6482774DF0A00995426 /* main.cpp */; };
		F371E6592774E1E200995426 /* Dog.cpp in Sources */ = {isa = PBXBuildFile; fileRef = F371E64F2774E1E200995426 /* Dog.cpp */; };
		F371E65A2774E1E200995426 /* POO_Exercises.cpp in Sources */ = {isa = PBXBuildFile; fileRef = F371E6532774E1E200995426 /* POO_Exercises.cpp */; };
		F371E65B2774E1E200995426 /* Cat.cpp in Sources */ = {isa = PBXBuildFile; fileRef = F371E6552774E1E200995426 /* Cat.cpp */; };
		F371E65C2774E1E200995426 /* Bird.cpp in Sources */ = {isa = PBXBuildFile; fileRef = F371E6562774E1E200995426 /* Bird.cpp */; };
		F371E65D2774E1E200995426 /* GenericAnimal.cpp in Sources */ = {isa = PBXBuildFile; fileRef = F371E6572774E1E200995426 /* GenericAnimal.cpp */; };
/* End PBXBuildFile section */

/* Begin PBXCopyFilesBuildPhase section */
		F371E6432774DF0A00995426 /* CopyFiles */ = {
			isa = PBXCopyFilesBuildPhase;
			buildActionMask = 2147483647;
			dstPath = /usr/share/man/man1/;
			dstSubfolderSpec = 0;
			files = (
			);
			runOnlyForDeploymentPostprocessing = 1;
		};
/* End PBXCopyFilesBuildPhase section */

/* Begin PBXFileReference section */
		F371E6452774DF0A00995426 /* Exercise_08 */ = {isa = PBXFileReference; explicitFileType = "compiled.mach-o.executable"; includeInIndex = 0; path = Exercise_08; sourceTree = BUILT_PRODUCTS_DIR; };
		F371E6482774DF0A00995426 /* main.cpp */ = {isa = PBXFileReference; lastKnownFileType = sourcecode.cpp.cpp; path = main.cpp; sourceTree = "<group>"; };
		F371E64F2774E1E200995426 /* Dog.cpp */ = {isa = PBXFileReference; fileEncoding = 4; lastKnownFileType = sourcecode.cpp.cpp; path = Dog.cpp; sourceTree = "<group>"; };
		F371E6502774E1E200995426 /* Dog.hpp */ = {isa = PBXFileReference; fileEncoding = 4; lastKnownFileType = sourcecode.cpp.h; path = Dog.hpp; sourceTree = "<group>"; };
		F371E6512774E1E200995426 /* GenericAnimal.hpp */ = {isa = PBXFileReference; fileEncoding = 4; lastKnownFileType = sourcecode.cpp.h; path = GenericAnimal.hpp; sourceTree = "<group>"; };
		F371E6522774E1E200995426 /* Cat.hpp */ = {isa = PBXFileReference; fileEncoding = 4; lastKnownFileType = sourcecode.cpp.h; path = Cat.hpp; sourceTree = "<group>"; };
		F371E6532774E1E200995426 /* POO_Exercises.cpp */ = {isa = PBXFileReference; fileEncoding = 4; lastKnownFileType = sourcecode.cpp.cpp; path = POO_Exercises.cpp; sourceTree = "<group>"; };
		F371E6542774E1E200995426 /* POO_Exercises.hpp */ = {isa = PBXFileReference; fileEncoding = 4; lastKnownFileType = sourcecode.cpp.h; path = POO_Exercises.hpp; sourceTree = "<group>"; };
		F371E6552774E1E200995426 /* Cat.cpp */ = {isa = PBXFileReference; fileEncoding = 4; lastKnownFileType = sourcecode.cpp.cpp; path = Cat.cpp; sourceTree = "<group>"; };
		F371E6562774E1E200995426 /* Bird.cpp */ = {isa = PBXFileReference; fileEncoding = 4; lastKnownFileType = sourcecode.cpp.cpp; path = Bird.cpp; sourceTree = "<group>"; };
		F371E6572774E1E200995426 /* GenericAnimal.cpp */ = {isa = PBXFileReference; fileEncoding = 4; lastKnownFileType = sourcecode.cpp.cpp; path = GenericAnimal.cpp; sourceTree = "<group>"; };
		F371E6582774E1E200995426 /* Bird.hpp */ = {isa = PBXFileReference; fileEncoding = 4; lastKnownFileType = sourcecode.cpp.h; path = Bird.hpp; sourceTree = "<group>"; };
/* End PBXFileReference section */

/* Begin PBXFrameworksBuildPhase section */
		F371E6422774DF0A00995426 /* Frameworks */ = {
			isa = PBXFrameworksBuildPhase;
			buildActionMask = 2147483647;
			files = (
			);
			runOnlyForDeploymentPostprocessing = 0;
		};
/* End PBXFrameworksBuildPhase section */

/* Begin PBXGroup section */
		F371E63C2774DF0A00995426 = {
			isa = PBXGroup;
			children = (
				F371E6472774DF0A00995426 /* Exercise_08 */,
				F371E6462774DF0A00995426 /* Products */,
			);
			sourceTree = "<group>";
		};
		F371E6462774DF0A00995426 /* Products */ = {
			isa = PBXGroup;
			children = (
				F371E6452774DF0A00995426 /* Exercise_08 */,
			);
			name = Products;
			sourceTree = "<group>";
		};
		F371E6472774DF0A00995426 /* Exercise_08 */ = {
			isa = PBXGroup;
			children = (
				F371E6562774E1E200995426 /* Bird.cpp */,
				F371E6582774E1E200995426 /* Bird.hpp */,
				F371E6552774E1E200995426 /* Cat.cpp */,
				F371E6522774E1E200995426 /* Cat.hpp */,
				F371E64F2774E1E200995426 /* Dog.cpp */,
				F371E6502774E1E200995426 /* Dog.hpp */,
				F371E6572774E1E200995426 /* GenericAnimal.cpp */,
				F371E6512774E1E200995426 /* GenericAnimal.hpp */,
				F371E6532774E1E200995426 /* POO_Exercises.cpp */,
				F371E6542774E1E200995426 /* POO_Exercises.hpp */,
				F371E6482774DF0A00995426 /* main.cpp */,
			);
			path = Exercise_08;
			sourceTree = "<group>";
		};
/* End PBXGroup section */

/* Begin PBXNativeTarget section */
		F371E6442774DF0A00995426 /* Exercise_08 */ = {
			isa = PBXNativeTarget;
			buildConfigurationList = F371E64C2774DF0A00995426 /* Build configuration list for PBXNativeTarget "Exercise_08" */;
			buildPhases = (
				F371E6412774DF0A00995426 /* Sources */,
				F371E6422774DF0A00995426 /* Frameworks */,
				F371E6432774DF0A00995426 /* CopyFiles */,
			);
			buildRules = (
			);
			dependencies = (
			);
			name = Exercise_08;
			productName = Exercise_08;
			productReference = F371E6452774DF0A00995426 /* Exercise_08 */;
			productType = "com.apple.product-type.tool";
		};
/* End PBXNativeTarget section */

/* Begin PBXProject section */
		F371E63D2774DF0A00995426 /* Project object */ = {
			isa = PBXProject;
			attributes = {
				LastUpgradeCheck = 1250;
				TargetAttributes = {
					F371E6442774DF0A00995426 = {
						CreatedOnToolsVersion = 12.5.1;
					};
				};
			};
			buildConfigurationList = F371E6402774DF0A00995426 /* Build configuration list for PBXProject "Exercise_08" */;
			compatibilityVersion = "Xcode 9.3";
			developmentRegion = en;
			hasScannedForEncodings = 0;
			knownRegions = (
				en,
				Base,
			);
			mainGroup = F371E63C2774DF0A00995426;
			productRefGroup = F371E6462774DF0A00995426 /* Products */;
			projectDirPath = "";
			projectRoot = "";
			targets = (
				F371E6442774DF0A00995426 /* Exercise_08 */,
			);
		};
/* End PBXProject section */

/* Begin PBXSourcesBuildPhase section */
		F371E6412774DF0A00995426 /* Sources */ = {
			isa = PBXSourcesBuildPhase;
			buildActionMask = 2147483647;
			files = (
				F371E65B2774E1E200995426 /* Cat.cpp in Sources */,
				F371E6592774E1E200995426 /* Dog.cpp in Sources */,
				F371E6492774DF0A00995426 /* main.cpp in Sources */,
				F371E65A2774E1E200995426 /* POO_Exercises.cpp in Sources */,
				F371E65C2774E1E200995426 /* Bird.cpp in Sources */,
				F371E65D2774E1E200995426 /* GenericAnimal.cpp in Sources */,
			);
			runOnlyForDeploymentPostprocessing = 0;
		};
/* End PBXSourcesBuildPhase section */

/* Begin XCBuildConfiguration section */
		F371E64A2774DF0A00995426 /* Debug */ = {
			isa = XCBuildConfiguration;
			buildSettings = {
				ALWAYS_SEARCH_USER_PATHS = NO;
				CLANG_ANALYZER_NONNULL = YES;
				CLANG_ANALYZER_NUMBER_OBJECT_CONVERSION = YES_AGGRESSIVE;
				CLANG_CXX_LANGUAGE_STANDARD = "gnu++14";
				CLANG_CXX_LIBRARY = "libc++";
				CLANG_ENABLE_MODULES = YES;
				CLANG_ENABLE_OBJC_ARC = YES;
				CLANG_ENABLE_OBJC_WEAK = YES;
				CLANG_WARN_BLOCK_CAPTURE_AUTORELEASING = YES;
				CLANG_WARN_BOOL_CONVERSION = YES;
				CLANG_WARN_COMMA = YES;
				CLANG_WARN_CONSTANT_CONVERSION = YES;
				CLANG_WARN_DEPRECATED_OBJC_IMPLEMENTATIONS = YES;
				CLANG_WARN_DIRECT_OBJC_ISA_USAGE = YES_ERROR;
				CLANG_WARN_DOCUMENTATION_COMMENTS = YES;
				CLANG_WARN_EMPTY_BODY = YES;
				CLANG_WARN_ENUM_CONVERSION = YES;
				CLANG_WARN_INFINITE_RECURSION = YES;
				CLANG_WARN_INT_CONVERSION = YES;
				CLANG_WARN_NON_LITERAL_NULL_CONVERSION = YES;
				CLANG_WARN_OBJC_IMPLICIT_RETAIN_SELF = YES;
				CLANG_WARN_OBJC_LITERAL_CONVERSION = YES;
				CLANG_WARN_OBJC_ROOT_CLASS = YES_ERROR;
				CLANG_WARN_QUOTED_INCLUDE_IN_FRAMEWORK_HEADER = YES;
				CLANG_WARN_RANGE_LOOP_ANALYSIS = YES;
				CLANG_WARN_STRICT_PROTOTYPES = YES;
				CLANG_WARN_SUSPICIOUS_MOVE = YES;
				CLANG_WARN_UNGUARDED_AVAILABILITY = YES_AGGRESSIVE;
				CLANG_WARN_UNREACHABLE_CODE = YES;
				CLANG_WARN__DUPLICATE_METHOD_MATCH = YES;
				COPY_PHASE_STRIP = NO;
				DEBUG_INFORMATION_FORMAT = dwarf;
				ENABLE_STRICT_OBJC_MSGSEND = YES;
				ENABLE_TESTABILITY = YES;
				GCC_C_LANGUAGE_STANDARD = gnu11;
				GCC_DYNAMIC_NO_PIC = NO;
				GCC_NO_COMMON_BLOCKS = YES;
				GCC_OPTIMIZATION_LEVEL = 0;
				GCC_PREPROCESSOR_DEFINITIONS = (
					"DEBUG=1",
					"$(inherited)",
				);
				GCC_WARN_64_TO_32_BIT_CONVERSION = YES;
				GCC_WARN_ABOUT_RETURN_TYPE = YES_ERROR;
				GCC_WARN_UNDECLARED_SELECTOR = YES;
				GCC_WARN_UNINITIALIZED_AUTOS = YES_AGGRESSIVE;
				GCC_WARN_UNUSED_FUNCTION = YES;
				GCC_WARN_UNUSED_VARIABLE = YES;
				MACOSX_DEPLOYMENT_TARGET = 11.3;
				MTL_ENABLE_DEBUG_INFO = INCLUDE_SOURCE;
				MTL_FAST_MATH = YES;
				ONLY_ACTIVE_ARCH = YES;
				SDKROOT = macosx;
			};
			name = Debug;
		};
		F371E64B2774DF0A00995426 /* Release */ = {
			isa = XCBuildConfiguration;
			buildSettings = {
				ALWAYS_SEARCH_USER_PATHS = NO;
				CLANG_ANALYZER_NONNULL = YES;
				CLANG_ANALYZER_NUMBER_OBJECT_CONVERSION = YES_AGGRESSIVE;
				CLANG_CXX_LANGUAGE_STANDARD = "gnu++14";
				CLANG_CXX_LIBRARY = "libc++";
				CLANG_ENABLE_MODULES = YES;
				CLANG_ENABLE_OBJC_ARC = YES;
				CLANG_ENABLE_OBJC_WEAK = YES;
				CLANG_WARN_BLOCK_CAPTURE_AUTORELEASING = YES;
				CLANG_WARN_BOOL_CONVERSION = YES;
				CLANG_WARN_COMMA = YES;
				CLANG_WARN_CONSTANT_CONVERSION = YES;
				CLANG_WARN_DEPRECATED_OBJC_IMPLEMENTATIONS = YES;
				CLANG_WARN_DIRECT_OBJC_ISA_USAGE = YES_ERROR;
				CLANG_WARN_DOCUMENTATION_COMMENTS = YES;
				CLANG_WARN_EMPTY_BODY = YES;
				CLANG_WARN_ENUM_CONVERSION = YES;
				CLANG_WARN_INFINITE_RECURSION = YES;
				CLANG_WARN_INT_CONVERSION = YES;
				CLANG_WARN_NON_LITERAL_NULL_CONVERSION = YES;
				CLANG_WARN_OBJC_IMPLICIT_RETAIN_SELF = YES;
				CLANG_WARN_OBJC_LITERAL_CONVERSION = YES;
				CLANG_WARN_OBJC_ROOT_CLASS = YES_ERROR;
				CLANG_WARN_QUOTED_INCLUDE_IN_FRAMEWORK_HEADER = YES;
				CLANG_WARN_RANGE_LOOP_ANALYSIS = YES;
				CLANG_WARN_STRICT_PROTOTYPES = YES;
				CLANG_WARN_SUSPICIOUS_MOVE = YES;
				CLANG_WARN_UNGUARDED_AVAILABILITY = YES_AGGRESSIVE;
				CLANG_WARN_UNREACHABLE_CODE = YES;
				CLANG_WARN__DUPLICATE_METHOD_MATCH = YES;
				COPY_PHASE_STRIP = NO;
				DEBUG_INFORMATION_FORMAT = "dwarf-with-dsym";
				ENABLE_NS_ASSERTIONS = NO;
				ENABLE_STRICT_OBJC_MSGSEND = YES;
				GCC_C_LANGUAGE_STANDARD = gnu11;
				GCC_NO_COMMON_BLOCKS = YES;
				GCC_WARN_64_TO_32_BIT_CONVERSION = YES;
				GCC_WARN_ABOUT_RETURN_TYPE = YES_ERROR;
				GCC_WARN_UNDECLARED_SELECTOR = YES;
				GCC_WARN_UNINITIALIZED_AUTOS = YES_AGGRESSIVE;
				GCC_WARN_UNUSED_FUNCTION = YES;
				GCC_WARN_UNUSED_VARIABLE = YES;
				MACOSX_DEPLOYMENT_TARGET = 11.3;
				MTL_ENABLE_DEBUG_INFO = NO;
				MTL_FAST_MATH = YES;
				SDKROOT = macosx;
			};
			name = Release;
		};
		F371E64D2774DF0A00995426 /* Debug */ = {
			isa = XCBuildConfiguration;
			buildSettings = {
				CODE_SIGN_STYLE = Automatic;
				PRODUCT_NAME = "$(TARGET_NAME)";
			};
			name = Debug;
		};
		F371E64E2774DF0A00995426 /* Release */ = {
			isa = XCBuildConfiguration;
			buildSettings = {
				CODE_SIGN_STYLE = Automatic;
				PRODUCT_NAME = "$(TARGET_NAME)";
			};
			name = Release;
		};
/* End XCBuildConfiguration section */

/* Begin XCConfigurationList section */
		F371E6402774DF0A00995426 /* Build configuration list for PBXProject "Exercise_08" */ = {
			isa = XCConfigurationList;
			buildConfigurations = (
				F371E64A2774DF0A00995426 /* Debug */,
				F371E64B2774DF0A00995426 /* Release */,
			);
			defaultConfigurationIsVisible = 0;
			defaultConfigurationName = Release;
		};
		F371E64C2774DF0A00995426 /* Build configuration list for PBXNativeTarget "Exercise_08" */ = {
			isa = XCConfigurationList;
			buildConfigurations = (
				F371E64D2774DF0A00995426 /* Debug */,
				F371E64E2774DF0A00995426 /* Release */,
			);
			defaultConfigurationIsVisible = 0;
			defaultConfigurationName = Release;
		};
/* End XCConfigurationList section */
	};
	rootObject = F371E63D2774DF0A00995426 /* Project object */;
}
