// !$*UTF8*$!
{
	archiveVersion = 1;
	classes = {
	};
	objectVersion = 50;
	objects = {

/* Begin PBXBuildFile section */
		141ACB25272F4F390070FC0D /* main.cpp in Sources */ = {isa = PBXBuildFile; fileRef = 141ACB24272F4F390070FC0D /* main.cpp */; };
		141ACB32272F4F780070FC0D /* Exercise_01.cpp in Sources */ = {isa = PBXBuildFile; fileRef = 141ACB2C272F4F780070FC0D /* Exercise_01.cpp */; };
		141ACB33272F4F780070FC0D /* Exercise_02.cpp in Sources */ = {isa = PBXBuildFile; fileRef = 141ACB2D272F4F780070FC0D /* Exercise_02.cpp */; };
		141ACB34272F4F780070FC0D /* Exercise_03.cpp in Sources */ = {isa = PBXBuildFile; fileRef = 141ACB2F272F4F780070FC0D /* Exercise_03.cpp */; };
		F31F77B527322DC4002E00B9 /* Exercise_04.cpp in Sources */ = {isa = PBXBuildFile; fileRef = F31F77B327322DC4002E00B9 /* Exercise_04.cpp */; };
		F35FC07E273FF46300272550 /* Ex_05_MemAlloc.cpp in Sources */ = {isa = PBXBuildFile; fileRef = F35FC07C273FF46300272550 /* Ex_05_MemAlloc.cpp */; };
		F361D551273F2FC700A1AEA1 /* Ex_06_Structs.cpp in Sources */ = {isa = PBXBuildFile; fileRef = F361D54F273F2FC700A1AEA1 /* Ex_06_Structs.cpp */; };
/* End PBXBuildFile section */

/* Begin PBXCopyFilesBuildPhase section */
		141ACB1F272F4F390070FC0D /* CopyFiles */ = {
			isa = PBXCopyFilesBuildPhase;
			buildActionMask = 2147483647;
			dstPath = /usr/share/man/man1/;
			dstSubfolderSpec = 0;
			files = (
			);
			runOnlyForDeploymentPostprocessing = 1;
		};
/* End PBXCopyFilesBuildPhase section */

/* Begin PBXFileReference section */
		141ACB21272F4F390070FC0D /* cpplab1 */ = {isa = PBXFileReference; explicitFileType = "compiled.mach-o.executable"; includeInIndex = 0; path = cpplab1; sourceTree = BUILT_PRODUCTS_DIR; };
		141ACB24272F4F390070FC0D /* main.cpp */ = {isa = PBXFileReference; lastKnownFileType = sourcecode.cpp.cpp; path = main.cpp; sourceTree = "<group>"; };
		141ACB2C272F4F780070FC0D /* Exercise_01.cpp */ = {isa = PBXFileReference; fileEncoding = 4; lastKnownFileType = sourcecode.cpp.cpp; path = Exercise_01.cpp; sourceTree = "<group>"; };
		141ACB2D272F4F780070FC0D /* Exercise_02.cpp */ = {isa = PBXFileReference; fileEncoding = 4; lastKnownFileType = sourcecode.cpp.cpp; path = Exercise_02.cpp; sourceTree = "<group>"; };
		141ACB2E272F4F780070FC0D /* Exercise_01.hpp */ = {isa = PBXFileReference; fileEncoding = 4; lastKnownFileType = sourcecode.cpp.h; path = Exercise_01.hpp; sourceTree = "<group>"; };
		141ACB2F272F4F780070FC0D /* Exercise_03.cpp */ = {isa = PBXFileReference; fileEncoding = 4; lastKnownFileType = sourcecode.cpp.cpp; path = Exercise_03.cpp; sourceTree = "<group>"; };
		141ACB30272F4F780070FC0D /* Exercise_03.hpp */ = {isa = PBXFileReference; fileEncoding = 4; lastKnownFileType = sourcecode.cpp.h; path = Exercise_03.hpp; sourceTree = "<group>"; };
		141ACB31272F4F780070FC0D /* Exercise_02.hpp */ = {isa = PBXFileReference; fileEncoding = 4; lastKnownFileType = sourcecode.cpp.h; path = Exercise_02.hpp; sourceTree = "<group>"; };
		F31F77B327322DC4002E00B9 /* Exercise_04.cpp */ = {isa = PBXFileReference; lastKnownFileType = sourcecode.cpp.cpp; name = Exercise_04.cpp; path = CPPLab1/Fundamentals/Exercise_04.cpp; sourceTree = SOURCE_ROOT; };
		F31F77B427322DC4002E00B9 /* Exercise_04.hpp */ = {isa = PBXFileReference; lastKnownFileType = sourcecode.cpp.h; name = Exercise_04.hpp; path = CPPLab1/Fundamentals/Exercise_04.hpp; sourceTree = SOURCE_ROOT; };
		F35FC07C273FF46300272550 /* Ex_05_MemAlloc.cpp */ = {isa = PBXFileReference; lastKnownFileType = sourcecode.cpp.cpp; name = Ex_05_MemAlloc.cpp; path = CPPLab1/Fundamentals/Ex_05_MemAlloc.cpp; sourceTree = SOURCE_ROOT; };
		F35FC07D273FF46300272550 /* Ex_05_MemAlloc.hpp */ = {isa = PBXFileReference; lastKnownFileType = sourcecode.cpp.h; name = Ex_05_MemAlloc.hpp; path = CPPLab1/Fundamentals/Ex_05_MemAlloc.hpp; sourceTree = SOURCE_ROOT; };
		F361D54F273F2FC700A1AEA1 /* Ex_06_Structs.cpp */ = {isa = PBXFileReference; lastKnownFileType = sourcecode.cpp.cpp; name = Ex_06_Structs.cpp; path = CPPLab1/Fundamentals/Ex_06_Structs.cpp; sourceTree = SOURCE_ROOT; };
		F361D550273F2FC700A1AEA1 /* Ex_06_Structs.hpp */ = {isa = PBXFileReference; lastKnownFileType = sourcecode.cpp.h; name = Ex_06_Structs.hpp; path = CPPLab1/Fundamentals/Ex_06_Structs.hpp; sourceTree = SOURCE_ROOT; };
/* End PBXFileReference section */

/* Begin PBXFrameworksBuildPhase section */
		141ACB1E272F4F390070FC0D /* Frameworks */ = {
			isa = PBXFrameworksBuildPhase;
			buildActionMask = 2147483647;
			files = (
			);
			runOnlyForDeploymentPostprocessing = 0;
		};
/* End PBXFrameworksBuildPhase section */

/* Begin PBXGroup section */
		141ACB18272F4F390070FC0D = {
			isa = PBXGroup;
			children = (
				141ACB23272F4F390070FC0D /* cpplab1 */,
				141ACB22272F4F390070FC0D /* Products */,
			);
			sourceTree = "<group>";
		};
		141ACB22272F4F390070FC0D /* Products */ = {
			isa = PBXGroup;
			children = (
				141ACB21272F4F390070FC0D /* cpplab1 */,
			);
			name = Products;
			sourceTree = "<group>";
		};
		141ACB23272F4F390070FC0D /* cpplab1 */ = {
			isa = PBXGroup;
			children = (
				F361D54E273F27B200A1AEA1 /* poo */,
				141ACB2B272F4F4B0070FC0D /* Fundamentals */,
				141ACB24272F4F390070FC0D /* main.cpp */,
			);
			path = cpplab1;
			sourceTree = "<group>";
		};
		141ACB2B272F4F4B0070FC0D /* Fundamentals */ = {
			isa = PBXGroup;
			children = (
				141ACB2E272F4F780070FC0D /* Exercise_01.hpp */,
				141ACB2C272F4F780070FC0D /* Exercise_01.cpp */,
				141ACB31272F4F780070FC0D /* Exercise_02.hpp */,
				141ACB2D272F4F780070FC0D /* Exercise_02.cpp */,
				141ACB30272F4F780070FC0D /* Exercise_03.hpp */,
				141ACB2F272F4F780070FC0D /* Exercise_03.cpp */,
				F31F77B427322DC4002E00B9 /* Exercise_04.hpp */,
				F31F77B327322DC4002E00B9 /* Exercise_04.cpp */,
				F35FC07D273FF46300272550 /* Ex_05_MemAlloc.hpp */,
				F35FC07C273FF46300272550 /* Ex_05_MemAlloc.cpp */,
				F361D550273F2FC700A1AEA1 /* Ex_06_Structs.hpp */,
				F361D54F273F2FC700A1AEA1 /* Ex_06_Structs.cpp */,
			);
			path = Fundamentals;
			sourceTree = "<group>";
		};
		F361D54E273F27B200A1AEA1 /* poo */ = {
			isa = PBXGroup;
			children = (
			);
			path = poo;
			sourceTree = "<group>";
		};
/* End PBXGroup section */

/* Begin PBXNativeTarget section */
		141ACB20272F4F390070FC0D /* cpplab1 */ = {
			isa = PBXNativeTarget;
			buildConfigurationList = 141ACB28272F4F390070FC0D /* Build configuration list for PBXNativeTarget "cpplab1" */;
			buildPhases = (
				141ACB1D272F4F390070FC0D /* Sources */,
				141ACB1E272F4F390070FC0D /* Frameworks */,
				141ACB1F272F4F390070FC0D /* CopyFiles */,
			);
			buildRules = (
			);
			dependencies = (
			);
			name = cpplab1;
			productName = cpplab1;
			productReference = 141ACB21272F4F390070FC0D /* cpplab1 */;
			productType = "com.apple.product-type.tool";
		};
/* End PBXNativeTarget section */

/* Begin PBXProject section */
		141ACB19272F4F390070FC0D /* Project object */ = {
			isa = PBXProject;
			attributes = {
				LastUpgradeCheck = 1170;
				ORGANIZATIONNAME = "Florencia Ontiveros";
				TargetAttributes = {
					141ACB20272F4F390070FC0D = {
						CreatedOnToolsVersion = 11.7;
					};
				};
			};
			buildConfigurationList = 141ACB1C272F4F390070FC0D /* Build configuration list for PBXProject "cpplab1" */;
			compatibilityVersion = "Xcode 9.3";
			developmentRegion = en;
			hasScannedForEncodings = 0;
			knownRegions = (
				en,
				Base,
			);
			mainGroup = 141ACB18272F4F390070FC0D;
			productRefGroup = 141ACB22272F4F390070FC0D /* Products */;
			projectDirPath = "";
			projectRoot = "";
			targets = (
				141ACB20272F4F390070FC0D /* cpplab1 */,
			);
		};
/* End PBXProject section */

/* Begin PBXSourcesBuildPhase section */
		141ACB1D272F4F390070FC0D /* Sources */ = {
			isa = PBXSourcesBuildPhase;
			buildActionMask = 2147483647;
			files = (
				F35FC07E273FF46300272550 /* Ex_05_MemAlloc.cpp in Sources */,
				141ACB32272F4F780070FC0D /* Exercise_01.cpp in Sources */,
				141ACB25272F4F390070FC0D /* main.cpp in Sources */,
				141ACB34272F4F780070FC0D /* Exercise_03.cpp in Sources */,
				F31F77B527322DC4002E00B9 /* Exercise_04.cpp in Sources */,
				F361D551273F2FC700A1AEA1 /* Ex_06_Structs.cpp in Sources */,
				141ACB33272F4F780070FC0D /* Exercise_02.cpp in Sources */,
			);
			runOnlyForDeploymentPostprocessing = 0;
		};
/* End PBXSourcesBuildPhase section */

/* Begin XCBuildConfiguration section */
		141ACB26272F4F390070FC0D /* Debug */ = {
			isa = XCBuildConfiguration;
			buildSettings = {
				ALWAYS_SEARCH_USER_PATHS = NO;
				CLANG_ANALYZER_NONNULL = YES;
				CLANG_ANALYZER_NUMBER_OBJECT_CONVERSION = YES_AGGRESSIVE;
				CLANG_CXX_LANGUAGE_STANDARD = "gnu++14";
				CLANG_CXX_LIBRARY = "libc++";
				CLANG_ENABLE_MODULES = YES;
				CLANG_ENABLE_OBJC_ARC = YES;
				CLANG_ENABLE_OBJC_WEAK = YES;
				CLANG_WARN_BLOCK_CAPTURE_AUTORELEASING = YES;
				CLANG_WARN_BOOL_CONVERSION = YES;
				CLANG_WARN_COMMA = YES;
				CLANG_WARN_CONSTANT_CONVERSION = YES;
				CLANG_WARN_DEPRECATED_OBJC_IMPLEMENTATIONS = YES;
				CLANG_WARN_DIRECT_OBJC_ISA_USAGE = YES_ERROR;
				CLANG_WARN_DOCUMENTATION_COMMENTS = YES;
				CLANG_WARN_EMPTY_BODY = YES;
				CLANG_WARN_ENUM_CONVERSION = YES;
				CLANG_WARN_INFINITE_RECURSION = YES;
				CLANG_WARN_INT_CONVERSION = YES;
				CLANG_WARN_NON_LITERAL_NULL_CONVERSION = YES;
				CLANG_WARN_OBJC_IMPLICIT_RETAIN_SELF = YES;
				CLANG_WARN_OBJC_LITERAL_CONVERSION = YES;
				CLANG_WARN_OBJC_ROOT_CLASS = YES_ERROR;
				CLANG_WARN_RANGE_LOOP_ANALYSIS = YES;
				CLANG_WARN_STRICT_PROTOTYPES = YES;
				CLANG_WARN_SUSPICIOUS_MOVE = YES;
				CLANG_WARN_UNGUARDED_AVAILABILITY = YES_AGGRESSIVE;
				CLANG_WARN_UNREACHABLE_CODE = YES;
				CLANG_WARN__DUPLICATE_METHOD_MATCH = YES;
				COPY_PHASE_STRIP = NO;
				DEBUG_INFORMATION_FORMAT = dwarf;
				ENABLE_STRICT_OBJC_MSGSEND = YES;
				ENABLE_TESTABILITY = YES;
				GCC_C_LANGUAGE_STANDARD = gnu11;
				GCC_DYNAMIC_NO_PIC = NO;
				GCC_NO_COMMON_BLOCKS = YES;
				GCC_OPTIMIZATION_LEVEL = 0;
				GCC_PREPROCESSOR_DEFINITIONS = (
					"DEBUG=1",
					"$(inherited)",
				);
				GCC_WARN_64_TO_32_BIT_CONVERSION = YES;
				GCC_WARN_ABOUT_RETURN_TYPE = YES_ERROR;
				GCC_WARN_UNDECLARED_SELECTOR = YES;
				GCC_WARN_UNINITIALIZED_AUTOS = YES_AGGRESSIVE;
				GCC_WARN_UNUSED_FUNCTION = YES;
				GCC_WARN_UNUSED_VARIABLE = YES;
				MACOSX_DEPLOYMENT_TARGET = 10.15;
				MTL_ENABLE_DEBUG_INFO = INCLUDE_SOURCE;
				MTL_FAST_MATH = YES;
				ONLY_ACTIVE_ARCH = YES;
				SDKROOT = macosx;
			};
			name = Debug;
		};
		141ACB27272F4F390070FC0D /* Release */ = {
			isa = XCBuildConfiguration;
			buildSettings = {
				ALWAYS_SEARCH_USER_PATHS = NO;
				CLANG_ANALYZER_NONNULL = YES;
				CLANG_ANALYZER_NUMBER_OBJECT_CONVERSION = YES_AGGRESSIVE;
				CLANG_CXX_LANGUAGE_STANDARD = "gnu++14";
				CLANG_CXX_LIBRARY = "libc++";
				CLANG_ENABLE_MODULES = YES;
				CLANG_ENABLE_OBJC_ARC = YES;
				CLANG_ENABLE_OBJC_WEAK = YES;
				CLANG_WARN_BLOCK_CAPTURE_AUTORELEASING = YES;
				CLANG_WARN_BOOL_CONVERSION = YES;
				CLANG_WARN_COMMA = YES;
				CLANG_WARN_CONSTANT_CONVERSION = YES;
				CLANG_WARN_DEPRECATED_OBJC_IMPLEMENTATIONS = YES;
				CLANG_WARN_DIRECT_OBJC_ISA_USAGE = YES_ERROR;
				CLANG_WARN_DOCUMENTATION_COMMENTS = YES;
				CLANG_WARN_EMPTY_BODY = YES;
				CLANG_WARN_ENUM_CONVERSION = YES;
				CLANG_WARN_INFINITE_RECURSION = YES;
				CLANG_WARN_INT_CONVERSION = YES;
				CLANG_WARN_NON_LITERAL_NULL_CONVERSION = YES;
				CLANG_WARN_OBJC_IMPLICIT_RETAIN_SELF = YES;
				CLANG_WARN_OBJC_LITERAL_CONVERSION = YES;
				CLANG_WARN_OBJC_ROOT_CLASS = YES_ERROR;
				CLANG_WARN_RANGE_LOOP_ANALYSIS = YES;
				CLANG_WARN_STRICT_PROTOTYPES = YES;
				CLANG_WARN_SUSPICIOUS_MOVE = YES;
				CLANG_WARN_UNGUARDED_AVAILABILITY = YES_AGGRESSIVE;
				CLANG_WARN_UNREACHABLE_CODE = YES;
				CLANG_WARN__DUPLICATE_METHOD_MATCH = YES;
				COPY_PHASE_STRIP = NO;
				DEBUG_INFORMATION_FORMAT = "dwarf-with-dsym";
				ENABLE_NS_ASSERTIONS = NO;
				ENABLE_STRICT_OBJC_MSGSEND = YES;
				GCC_C_LANGUAGE_STANDARD = gnu11;
				GCC_NO_COMMON_BLOCKS = YES;
				GCC_WARN_64_TO_32_BIT_CONVERSION = YES;
				GCC_WARN_ABOUT_RETURN_TYPE = YES_ERROR;
				GCC_WARN_UNDECLARED_SELECTOR = YES;
				GCC_WARN_UNINITIALIZED_AUTOS = YES_AGGRESSIVE;
				GCC_WARN_UNUSED_FUNCTION = YES;
				GCC_WARN_UNUSED_VARIABLE = YES;
				MACOSX_DEPLOYMENT_TARGET = 10.15;
				MTL_ENABLE_DEBUG_INFO = NO;
				MTL_FAST_MATH = YES;
				SDKROOT = macosx;
			};
			name = Release;
		};
		141ACB29272F4F390070FC0D /* Debug */ = {
			isa = XCBuildConfiguration;
			buildSettings = {
				CODE_SIGN_STYLE = Automatic;
				PRODUCT_NAME = "$(TARGET_NAME)";
			};
			name = Debug;
		};
		141ACB2A272F4F390070FC0D /* Release */ = {
			isa = XCBuildConfiguration;
			buildSettings = {
				CODE_SIGN_STYLE = Automatic;
				PRODUCT_NAME = "$(TARGET_NAME)";
			};
			name = Release;
		};
/* End XCBuildConfiguration section */

/* Begin XCConfigurationList section */
		141ACB1C272F4F390070FC0D /* Build configuration list for PBXProject "cpplab1" */ = {
			isa = XCConfigurationList;
			buildConfigurations = (
				141ACB26272F4F390070FC0D /* Debug */,
				141ACB27272F4F390070FC0D /* Release */,
			);
			defaultConfigurationIsVisible = 0;
			defaultConfigurationName = Release;
		};
		141ACB28272F4F390070FC0D /* Build configuration list for PBXNativeTarget "cpplab1" */ = {
			isa = XCConfigurationList;
			buildConfigurations = (
				141ACB29272F4F390070FC0D /* Debug */,
				141ACB2A272F4F390070FC0D /* Release */,
			);
			defaultConfigurationIsVisible = 0;
			defaultConfigurationName = Release;
		};
/* End XCConfigurationList section */
	};
	rootObject = 141ACB19272F4F390070FC0D /* Project object */;
}
